
Microsoft Visual Studio Solution File, Format Version 12.00
# Visual Studio 14
VisualStudioVersion = 14.0.25420.1
MinimumVisualStudioVersion = 10.0.40219.1
Project("{FAE04EC0-301F-11D3-BF4B-00C04F79EFBC}") = "TestHandin2", "TestHandin2\TestHandin2.csproj", "{D4CB0AD6-D22C-415E-A581-B25AC0D5516E}"
EndProject
Project("{FAE04EC0-301F-11D3-BF4B-00C04F79EFBC}") = "TestHandin2Tests", "TestHandin2Tests\TestHandin2Tests.csproj", "{329D116F-A5DF-4984-9F95-D1EFC0848D93}"
EndProject
Global
	GlobalSection(SolutionConfigurationPlatforms) = preSolution
		Debug|Any CPU = Debug|Any CPU
		Release|Any CPU = Release|Any CPU
	EndGlobalSection
	GlobalSection(ProjectConfigurationPlatforms) = postSolution
		{D4CB0AD6-D22C-415E-A581-B25AC0D5516E}.Debug|Any CPU.ActiveCfg = Debug|Any CPU
		{D4CB0AD6-D22C-415E-A581-B25AC0D5516E}.Debug|Any CPU.Build.0 = Debug|Any CPU
		{D4CB0AD6-D22C-415E-A581-B25AC0D5516E}.Release|Any CPU.ActiveCfg = Release|Any CPU
		{D4CB0AD6-D22C-415E-A581-B25AC0D5516E}.Release|Any CPU.Build.0 = Release|Any CPU
		{329D116F-A5DF-4984-9F95-D1EFC0848D93}.Debug|Any CPU.ActiveCfg = Debug|Any CPU
		{329D116F-A5DF-4984-9F95-D1EFC0848D93}.Debug|Any CPU.Build.0 = Debug|Any CPU
		{329D116F-A5DF-4984-9F95-D1EFC0848D93}.Release|Any CPU.ActiveCfg = Release|Any CPU
		{329D116F-A5DF-4984-9F95-D1EFC0848D93}.Release|Any CPU.Build.0 = Release|Any CPU
	EndGlobalSection
	GlobalSection(SolutionProperties) = preSolution
		HideSolutionNode = FALSE
	EndGlobalSection
EndGlobal
